// !$*UTF8*$!
{
	archiveVersion = 1;
	classes = {
	};
	objectVersion = 48;
	objects = {

/* Begin PBXBuildFile section */
		940FFE582171E79800594417 /* AppDelegate.swift in Sources */ = {isa = PBXBuildFile; fileRef = 940FFE572171E79800594417 /* AppDelegate.swift */; };
		940FFE5A2171E79800594417 /* ViewController.swift in Sources */ = {isa = PBXBuildFile; fileRef = 940FFE592171E79800594417 /* ViewController.swift */; };
		940FFE5D2171E79800594417 /* Main.storyboard in Resources */ = {isa = PBXBuildFile; fileRef = 940FFE5B2171E79800594417 /* Main.storyboard */; };
		940FFE5F2171E79800594417 /* Assets.xcassets in Resources */ = {isa = PBXBuildFile; fileRef = 940FFE5E2171E79800594417 /* Assets.xcassets */; };
		940FFE622171E79800594417 /* LaunchScreen.storyboard in Resources */ = {isa = PBXBuildFile; fileRef = 940FFE602171E79800594417 /* LaunchScreen.storyboard */; };
		9434F5DB2172345A00DD44A0 /* User.swift in Sources */ = {isa = PBXBuildFile; fileRef = 9434F5DA2172345A00DD44A0 /* User.swift */; };
		9434F5FA21723BCD00DD44A0 /* SQLite.framework in Frameworks */ = {isa = PBXBuildFile; fileRef = 9434F5EC21723B8500DD44A0 /* SQLite.framework */; };
		9434F5FB21723BCD00DD44A0 /* SQLite.framework in Embed Frameworks */ = {isa = PBXBuildFile; fileRef = 9434F5EC21723B8500DD44A0 /* SQLite.framework */; settings = {ATTRIBUTES = (CodeSignOnCopy, RemoveHeadersOnCopy, ); }; };
		947CC2AE2199B9F400BD12F7 /* MainViewController.swift in Sources */ = {isa = PBXBuildFile; fileRef = 947CC2AD2199B9F400BD12F7 /* MainViewController.swift */; };
		94C85E9B21982D8700798729 /* AfterLoginOneViewController.swift in Sources */ = {isa = PBXBuildFile; fileRef = 94C85E9A21982D8700798729 /* AfterLoginOneViewController.swift */; };
		94EE50BE21726D490031C5BB /* SignupViewController.swift in Sources */ = {isa = PBXBuildFile; fileRef = 94EE50BD21726D490031C5BB /* SignupViewController.swift */; };
		94EE50C0217396D90031C5BB /* UsersDataSource.swift in Sources */ = {isa = PBXBuildFile; fileRef = 94EE50BF217396D90031C5BB /* UsersDataSource.swift */; };
/* End PBXBuildFile section */

/* Begin PBXContainerItemProxy section */
		9434F5EB21723B8500DD44A0 /* PBXContainerItemProxy */ = {
			isa = PBXContainerItemProxy;
			containerPortal = 9434F5E121723B8400DD44A0 /* SQLite.xcodeproj */;
			proxyType = 2;
			remoteGlobalIDString = EE247AD31C3F04ED00AE3E12;
			remoteInfo = "SQLite iOS";
		};
		9434F5ED21723B8500DD44A0 /* PBXContainerItemProxy */ = {
			isa = PBXContainerItemProxy;
			containerPortal = 9434F5E121723B8400DD44A0 /* SQLite.xcodeproj */;
			proxyType = 2;
			remoteGlobalIDString = EE247ADD1C3F04ED00AE3E12;
			remoteInfo = "SQLiteTests iOS";
		};
		9434F5EF21723B8500DD44A0 /* PBXContainerItemProxy */ = {
			isa = PBXContainerItemProxy;
			containerPortal = 9434F5E121723B8400DD44A0 /* SQLite.xcodeproj */;
			proxyType = 2;
			remoteGlobalIDString = EE247B3C1C3F3ED000AE3E12;
			remoteInfo = "SQLite Mac";
		};
		9434F5F121723B8500DD44A0 /* PBXContainerItemProxy */ = {
			isa = PBXContainerItemProxy;
			containerPortal = 9434F5E121723B8400DD44A0 /* SQLite.xcodeproj */;
			proxyType = 2;
			remoteGlobalIDString = EE247B451C3F3ED000AE3E12;
			remoteInfo = "SQLiteTests Mac";
		};
		9434F5F321723B8500DD44A0 /* PBXContainerItemProxy */ = {
			isa = PBXContainerItemProxy;
			containerPortal = 9434F5E121723B8400DD44A0 /* SQLite.xcodeproj */;
			proxyType = 2;
			remoteGlobalIDString = 03A65E5A1C6BB0F50062603F;
			remoteInfo = "SQLite tvOS";
		};
		9434F5F521723B8500DD44A0 /* PBXContainerItemProxy */ = {
			isa = PBXContainerItemProxy;
			containerPortal = 9434F5E121723B8400DD44A0 /* SQLite.xcodeproj */;
			proxyType = 2;
			remoteGlobalIDString = 03A65E631C6BB0F60062603F;
			remoteInfo = "SQLiteTests tvOS";
		};
		9434F5F721723B8500DD44A0 /* PBXContainerItemProxy */ = {
			isa = PBXContainerItemProxy;
			containerPortal = 9434F5E121723B8400DD44A0 /* SQLite.xcodeproj */;
			proxyType = 2;
			remoteGlobalIDString = A121AC451CA35C79005A31D1;
			remoteInfo = "SQLite watchOS";
		};
		9434F5FC21723BCD00DD44A0 /* PBXContainerItemProxy */ = {
			isa = PBXContainerItemProxy;
			containerPortal = 9434F5E121723B8400DD44A0 /* SQLite.xcodeproj */;
			proxyType = 1;
			remoteGlobalIDString = EE247AD21C3F04ED00AE3E12;
			remoteInfo = "SQLite iOS";
		};
/* End PBXContainerItemProxy section */

/* Begin PBXCopyFilesBuildPhase section */
		9434F5FE21723BCD00DD44A0 /* Embed Frameworks */ = {
			isa = PBXCopyFilesBuildPhase;
			buildActionMask = 2147483647;
			dstPath = "";
			dstSubfolderSpec = 10;
			files = (
				9434F5FB21723BCD00DD44A0 /* SQLite.framework in Embed Frameworks */,
			);
			name = "Embed Frameworks";
			runOnlyForDeploymentPostprocessing = 0;
		};
/* End PBXCopyFilesBuildPhase section */

/* Begin PBXFileReference section */
		940FFE542171E79800594417 /* Picky Micky.app */ = {isa = PBXFileReference; explicitFileType = wrapper.application; includeInIndex = 0; path = "Picky Micky.app"; sourceTree = BUILT_PRODUCTS_DIR; };
		940FFE572171E79800594417 /* AppDelegate.swift */ = {isa = PBXFileReference; lastKnownFileType = sourcecode.swift; path = AppDelegate.swift; sourceTree = "<group>"; };
		940FFE592171E79800594417 /* ViewController.swift */ = {isa = PBXFileReference; lastKnownFileType = sourcecode.swift; path = ViewController.swift; sourceTree = "<group>"; };
		940FFE5C2171E79800594417 /* Base */ = {isa = PBXFileReference; lastKnownFileType = file.storyboard; name = Base; path = Base.lproj/Main.storyboard; sourceTree = "<group>"; };
		940FFE5E2171E79800594417 /* Assets.xcassets */ = {isa = PBXFileReference; lastKnownFileType = folder.assetcatalog; path = Assets.xcassets; sourceTree = "<group>"; };
		940FFE612171E79800594417 /* Base */ = {isa = PBXFileReference; lastKnownFileType = file.storyboard; name = Base; path = Base.lproj/LaunchScreen.storyboard; sourceTree = "<group>"; };
		940FFE632171E79800594417 /* Info.plist */ = {isa = PBXFileReference; lastKnownFileType = text.plist.xml; path = Info.plist; sourceTree = "<group>"; };
		940FFE6C2171E79800594417 /* Picky_MickyTests.swift */ = {isa = PBXFileReference; lastKnownFileType = sourcecode.swift; path = Picky_MickyTests.swift; sourceTree = "<group>"; };
		940FFE6E2171E79800594417 /* Info.plist */ = {isa = PBXFileReference; lastKnownFileType = text.plist.xml; path = Info.plist; sourceTree = "<group>"; };
		940FFE772171E79900594417 /* Picky_MickyUITests.swift */ = {isa = PBXFileReference; lastKnownFileType = sourcecode.swift; path = Picky_MickyUITests.swift; sourceTree = "<group>"; };
		940FFE792171E79900594417 /* Info.plist */ = {isa = PBXFileReference; lastKnownFileType = text.plist.xml; path = Info.plist; sourceTree = "<group>"; };
		9434F5DA2172345A00DD44A0 /* User.swift */ = {isa = PBXFileReference; lastKnownFileType = sourcecode.swift; path = User.swift; sourceTree = "<group>"; };
		9434F5DD217236F000DD44A0 /* libsqlite3.tbd */ = {isa = PBXFileReference; lastKnownFileType = "sourcecode.text-based-dylib-definition"; name = libsqlite3.tbd; path = usr/lib/libsqlite3.tbd; sourceTree = SDKROOT; };
		9434F5DE217236F000DD44A0 /* libsqlite3.0.tbd */ = {isa = PBXFileReference; lastKnownFileType = "sourcecode.text-based-dylib-definition"; name = libsqlite3.0.tbd; path = usr/lib/libsqlite3.0.tbd; sourceTree = SDKROOT; };
		9434F5E121723B8400DD44A0 /* SQLite.xcodeproj */ = {isa = PBXFileReference; lastKnownFileType = "wrapper.pb-project"; name = SQLite.xcodeproj; path = "../../Downloads/SQLite.swift-master/SQLite.xcodeproj"; sourceTree = "<group>"; };
		947CC2AD2199B9F400BD12F7 /* MainViewController.swift */ = {isa = PBXFileReference; lastKnownFileType = sourcecode.swift; path = MainViewController.swift; sourceTree = "<group>"; };
		94C85E9A21982D8700798729 /* AfterLoginOneViewController.swift */ = {isa = PBXFileReference; lastKnownFileType = sourcecode.swift; path = AfterLoginOneViewController.swift; sourceTree = "<group>"; };
		94EE50BD21726D490031C5BB /* SignupViewController.swift */ = {isa = PBXFileReference; lastKnownFileType = sourcecode.swift; path = SignupViewController.swift; sourceTree = "<group>"; };
		94EE50BF217396D90031C5BB /* UsersDataSource.swift */ = {isa = PBXFileReference; lastKnownFileType = sourcecode.swift; path = UsersDataSource.swift; sourceTree = "<group>"; };
/* End PBXFileReference section */

/* Begin PBXFrameworksBuildPhase section */
		940FFE512171E79800594417 /* Frameworks */ = {
			isa = PBXFrameworksBuildPhase;
			buildActionMask = 2147483647;
			files = (
				9434F5FA21723BCD00DD44A0 /* SQLite.framework in Frameworks */,
			);
			runOnlyForDeploymentPostprocessing = 0;
		};
/* End PBXFrameworksBuildPhase section */

/* Begin PBXGroup section */
		940FFE4B2171E79800594417 = {
			isa = PBXGroup;
			children = (
				940FFE562171E79800594417 /* Picky Micky */,
				940FFE6B2171E79800594417 /* Picky MickyTests */,
				940FFE762171E79900594417 /* Picky MickyUITests */,
				940FFE552171E79800594417 /* Products */,
				9434F5E121723B8400DD44A0 /* SQLite.xcodeproj */,
				9434F5DC217236F000DD44A0 /* Frameworks */,
			);
			sourceTree = "<group>";
		};
		940FFE552171E79800594417 /* Products */ = {
			isa = PBXGroup;
			children = (
				940FFE542171E79800594417 /* Picky Micky.app */,
			);
			name = Products;
			sourceTree = "<group>";
		};
		940FFE562171E79800594417 /* Picky Micky */ = {
			isa = PBXGroup;
			children = (
				94EE50BB2172584D0031C5BB /* Controllers */,
				9434F5D82172341300DD44A0 /* Model */,
				940FFE572171E79800594417 /* AppDelegate.swift */,
				940FFE5B2171E79800594417 /* Main.storyboard */,
				940FFE5E2171E79800594417 /* Assets.xcassets */,
				940FFE602171E79800594417 /* LaunchScreen.storyboard */,
				940FFE632171E79800594417 /* Info.plist */,
			);
			path = "Picky Micky";
			sourceTree = "<group>";
		};
		940FFE6B2171E79800594417 /* Picky MickyTests */ = {
			isa = PBXGroup;
			children = (
				940FFE6C2171E79800594417 /* Picky_MickyTests.swift */,
				940FFE6E2171E79800594417 /* Info.plist */,
			);
			path = "Picky MickyTests";
			sourceTree = "<group>";
		};
		940FFE762171E79900594417 /* Picky MickyUITests */ = {
			isa = PBXGroup;
			children = (
				940FFE772171E79900594417 /* Picky_MickyUITests.swift */,
				940FFE792171E79900594417 /* Info.plist */,
			);
			path = "Picky MickyUITests";
			sourceTree = "<group>";
		};
		9434F5D82172341300DD44A0 /* Model */ = {
			isa = PBXGroup;
			children = (
				9434F5D92172344700DD44A0 /* Users */,
			);
			path = Model;
			sourceTree = "<group>";
		};
		9434F5D92172344700DD44A0 /* Users */ = {
			isa = PBXGroup;
			children = (
				9434F5DA2172345A00DD44A0 /* User.swift */,
				94EE50BF217396D90031C5BB /* UsersDataSource.swift */,
			);
			path = Users;
			sourceTree = "<group>";
		};
		9434F5DC217236F000DD44A0 /* Frameworks */ = {
			isa = PBXGroup;
			children = (
				9434F5DE217236F000DD44A0 /* libsqlite3.0.tbd */,
				9434F5DD217236F000DD44A0 /* libsqlite3.tbd */,
			);
			name = Frameworks;
			sourceTree = "<group>";
		};
		9434F5E221723B8400DD44A0 /* Products */ = {
			isa = PBXGroup;
			children = (
				9434F5EC21723B8500DD44A0 /* SQLite.framework */,
				9434F5EE21723B8500DD44A0 /* SQLiteTests iOS.xctest */,
				9434F5F021723B8500DD44A0 /* SQLite.framework */,
				9434F5F221723B8500DD44A0 /* SQLiteTests Mac.xctest */,
				9434F5F421723B8500DD44A0 /* SQLite.framework */,
				9434F5F621723B8500DD44A0 /* SQLiteTests tvOS.xctest */,
				9434F5F821723B8500DD44A0 /* SQLite.framework */,
			);
			name = Products;
			sourceTree = "<group>";
		};
		94EE50BB2172584D0031C5BB /* Controllers */ = {
			isa = PBXGroup;
			children = (
				940FFE592171E79800594417 /* ViewController.swift */,
				94EE50BD21726D490031C5BB /* SignupViewController.swift */,
				94C85E9A21982D8700798729 /* AfterLoginOneViewController.swift */,
				947CC2AD2199B9F400BD12F7 /* MainViewController.swift */,
			);
			path = Controllers;
			sourceTree = "<group>";
		};
/* End PBXGroup section */

/* Begin PBXNativeTarget section */
		940FFE532171E79800594417 /* Picky Micky */ = {
			isa = PBXNativeTarget;
			buildConfigurationList = 940FFE7C2171E79900594417 /* Build configuration list for PBXNativeTarget "Picky Micky" */;
			buildPhases = (
				940FFE502171E79800594417 /* Sources */,
				940FFE512171E79800594417 /* Frameworks */,
				940FFE522171E79800594417 /* Resources */,
				9434F5FE21723BCD00DD44A0 /* Embed Frameworks */,
			);
			buildRules = (
			);
			dependencies = (
				9434F5FD21723BCD00DD44A0 /* PBXTargetDependency */,
			);
			name = "Picky Micky";
			productName = "Picky Micky";
			productReference = 940FFE542171E79800594417 /* Picky Micky.app */;
			productType = "com.apple.product-type.application";
		};
/* End PBXNativeTarget section */

/* Begin PBXProject section */
		940FFE4C2171E79800594417 /* Project object */ = {
			isa = PBXProject;
			attributes = {
				LastSwiftUpdateCheck = 0920;
				LastUpgradeCheck = 1000;
				ORGANIZATIONNAME = "Mohamed Alhajar";
				TargetAttributes = {
					940FFE532171E79800594417 = {
						CreatedOnToolsVersion = 9.2;
						ProvisioningStyle = Automatic;
					};
				};
			};
			buildConfigurationList = 940FFE4F2171E79800594417 /* Build configuration list for PBXProject "Picky Micky" */;
			compatibilityVersion = "Xcode 8.0";
			developmentRegion = en;
			hasScannedForEncodings = 0;
			knownRegions = (
				en,
				Base,
			);
			mainGroup = 940FFE4B2171E79800594417;
			productRefGroup = 940FFE552171E79800594417 /* Products */;
			projectDirPath = "";
			projectReferences = (
				{
					ProductGroup = 9434F5E221723B8400DD44A0 /* Products */;
					ProjectRef = 9434F5E121723B8400DD44A0 /* SQLite.xcodeproj */;
				},
			);
			projectRoot = "";
			targets = (
				940FFE532171E79800594417 /* Picky Micky */,
			);
		};
/* End PBXProject section */

/* Begin PBXReferenceProxy section */
		9434F5EC21723B8500DD44A0 /* SQLite.framework */ = {
			isa = PBXReferenceProxy;
			fileType = wrapper.framework;
			path = SQLite.framework;
			remoteRef = 9434F5EB21723B8500DD44A0 /* PBXContainerItemProxy */;
			sourceTree = BUILT_PRODUCTS_DIR;
		};
		9434F5EE21723B8500DD44A0 /* SQLiteTests iOS.xctest */ = {
			isa = PBXReferenceProxy;
			fileType = wrapper.cfbundle;
			path = "SQLiteTests iOS.xctest";
			remoteRef = 9434F5ED21723B8500DD44A0 /* PBXContainerItemProxy */;
			sourceTree = BUILT_PRODUCTS_DIR;
		};
		9434F5F021723B8500DD44A0 /* SQLite.framework */ = {
			isa = PBXReferenceProxy;
			fileType = wrapper.framework;
			path = SQLite.framework;
			remoteRef = 9434F5EF21723B8500DD44A0 /* PBXContainerItemProxy */;
			sourceTree = BUILT_PRODUCTS_DIR;
		};
		9434F5F221723B8500DD44A0 /* SQLiteTests Mac.xctest */ = {
			isa = PBXReferenceProxy;
			fileType = wrapper.cfbundle;
			path = "SQLiteTests Mac.xctest";
			remoteRef = 9434F5F121723B8500DD44A0 /* PBXContainerItemProxy */;
			sourceTree = BUILT_PRODUCTS_DIR;
		};
		9434F5F421723B8500DD44A0 /* SQLite.framework */ = {
			isa = PBXReferenceProxy;
			fileType = wrapper.framework;
			path = SQLite.framework;
			remoteRef = 9434F5F321723B8500DD44A0 /* PBXContainerItemProxy */;
			sourceTree = BUILT_PRODUCTS_DIR;
		};
		9434F5F621723B8500DD44A0 /* SQLiteTests tvOS.xctest */ = {
			isa = PBXReferenceProxy;
			fileType = wrapper.cfbundle;
			path = "SQLiteTests tvOS.xctest";
			remoteRef = 9434F5F521723B8500DD44A0 /* PBXContainerItemProxy */;
			sourceTree = BUILT_PRODUCTS_DIR;
		};
		9434F5F821723B8500DD44A0 /* SQLite.framework */ = {
			isa = PBXReferenceProxy;
			fileType = wrapper.framework;
			path = SQLite.framework;
			remoteRef = 9434F5F721723B8500DD44A0 /* PBXContainerItemProxy */;
			sourceTree = BUILT_PRODUCTS_DIR;
		};
/* End PBXReferenceProxy section */

/* Begin PBXResourcesBuildPhase section */
		940FFE522171E79800594417 /* Resources */ = {
			isa = PBXResourcesBuildPhase;
			buildActionMask = 2147483647;
			files = (
				940FFE622171E79800594417 /* LaunchScreen.storyboard in Resources */,
				940FFE5F2171E79800594417 /* Assets.xcassets in Resources */,
				940FFE5D2171E79800594417 /* Main.storyboard in Resources */,
			);
			runOnlyForDeploymentPostprocessing = 0;
		};
/* End PBXResourcesBuildPhase section */

/* Begin PBXSourcesBuildPhase section */
		940FFE502171E79800594417 /* Sources */ = {
			isa = PBXSourcesBuildPhase;
			buildActionMask = 2147483647;
			files = (
				947CC2AE2199B9F400BD12F7 /* MainViewController.swift in Sources */,
				94C85E9B21982D8700798729 /* AfterLoginOneViewController.swift in Sources */,
				94EE50C0217396D90031C5BB /* UsersDataSource.swift in Sources */,
				940FFE5A2171E79800594417 /* ViewController.swift in Sources */,
				9434F5DB2172345A00DD44A0 /* User.swift in Sources */,
				94EE50BE21726D490031C5BB /* SignupViewController.swift in Sources */,
				940FFE582171E79800594417 /* AppDelegate.swift in Sources */,
			);
			runOnlyForDeploymentPostprocessing = 0;
		};
/* End PBXSourcesBuildPhase section */

/* Begin PBXTargetDependency section */
		9434F5FD21723BCD00DD44A0 /* PBXTargetDependency */ = {
			isa = PBXTargetDependency;
			name = "SQLite iOS";
			targetProxy = 9434F5FC21723BCD00DD44A0 /* PBXContainerItemProxy */;
		};
/* End PBXTargetDependency section */

/* Begin PBXVariantGroup section */
		940FFE5B2171E79800594417 /* Main.storyboard */ = {
			isa = PBXVariantGroup;
			children = (
				940FFE5C2171E79800594417 /* Base */,
			);
			name = Main.storyboard;
			sourceTree = "<group>";
		};
		940FFE602171E79800594417 /* LaunchScreen.storyboard */ = {
			isa = PBXVariantGroup;
			children = (
				940FFE612171E79800594417 /* Base */,
			);
			name = LaunchScreen.storyboard;
			sourceTree = "<group>";
		};
/* End PBXVariantGroup section */

/* Begin XCBuildConfiguration section */
		940FFE7A2171E79900594417 /* Debug */ = {
			isa = XCBuildConfiguration;
			buildSettings = {
				ALWAYS_SEARCH_USER_PATHS = NO;
				CLANG_ANALYZER_NONNULL = YES;
				CLANG_ANALYZER_NUMBER_OBJECT_CONVERSION = YES_AGGRESSIVE;
				CLANG_CXX_LANGUAGE_STANDARD = "gnu++14";
				CLANG_CXX_LIBRARY = "libc++";
				CLANG_ENABLE_MODULES = YES;
				CLANG_ENABLE_OBJC_ARC = YES;
				CLANG_WARN_BLOCK_CAPTURE_AUTORELEASING = YES;
				CLANG_WARN_BOOL_CONVERSION = YES;
				CLANG_WARN_COMMA = YES;
				CLANG_WARN_CONSTANT_CONVERSION = YES;
				CLANG_WARN_DEPRECATED_OBJC_IMPLEMENTATIONS = YES;
				CLANG_WARN_DIRECT_OBJC_ISA_USAGE = YES_ERROR;
				CLANG_WARN_DOCUMENTATION_COMMENTS = YES;
				CLANG_WARN_EMPTY_BODY = YES;
				CLANG_WARN_ENUM_CONVERSION = YES;
				CLANG_WARN_INFINITE_RECURSION = YES;
				CLANG_WARN_INT_CONVERSION = YES;
				CLANG_WARN_NON_LITERAL_NULL_CONVERSION = YES;
				CLANG_WARN_OBJC_IMPLICIT_RETAIN_SELF = YES;
				CLANG_WARN_OBJC_LITERAL_CONVERSION = YES;
				CLANG_WARN_OBJC_ROOT_CLASS = YES_ERROR;
				CLANG_WARN_RANGE_LOOP_ANALYSIS = YES;
				CLANG_WARN_STRICT_PROTOTYPES = YES;
				CLANG_WARN_SUSPICIOUS_MOVE = YES;
				CLANG_WARN_UNGUARDED_AVAILABILITY = YES_AGGRESSIVE;
				CLANG_WARN_UNREACHABLE_CODE = YES;
				CLANG_WARN__DUPLICATE_METHOD_MATCH = YES;
				CODE_SIGN_IDENTITY = "iPhone Developer";
				COPY_PHASE_STRIP = NO;
				DEBUG_INFORMATION_FORMAT = dwarf;
				ENABLE_STRICT_OBJC_MSGSEND = YES;
				ENABLE_TESTABILITY = YES;
				GCC_C_LANGUAGE_STANDARD = gnu11;
				GCC_DYNAMIC_NO_PIC = NO;
				GCC_NO_COMMON_BLOCKS = YES;
				GCC_OPTIMIZATION_LEVEL = 0;
				GCC_PREPROCESSOR_DEFINITIONS = (
					"DEBUG=1",
					"$(inherited)",
				);
				GCC_WARN_64_TO_32_BIT_CONVERSION = YES;
				GCC_WARN_ABOUT_RETURN_TYPE = YES_ERROR;
				GCC_WARN_UNDECLARED_SELECTOR = YES;
				GCC_WARN_UNINITIALIZED_AUTOS = YES_AGGRESSIVE;
				GCC_WARN_UNUSED_FUNCTION = YES;
				GCC_WARN_UNUSED_VARIABLE = YES;
				IPHONEOS_DEPLOYMENT_TARGET = 11.2;
				MTL_ENABLE_DEBUG_INFO = YES;
				ONLY_ACTIVE_ARCH = YES;
				SDKROOT = iphoneos;
				SWIFT_ACTIVE_COMPILATION_CONDITIONS = DEBUG;
				SWIFT_OPTIMIZATION_LEVEL = "-Onone";
			};
			name = Debug;
		};
		940FFE7B2171E79900594417 /* Release */ = {
			isa = XCBuildConfiguration;
			buildSettings = {
				ALWAYS_SEARCH_USER_PATHS = NO;
				CLANG_ANALYZER_NONNULL = YES;
				CLANG_ANALYZER_NUMBER_OBJECT_CONVERSION = YES_AGGRESSIVE;
				CLANG_CXX_LANGUAGE_STANDARD = "gnu++14";
				CLANG_CXX_LIBRARY = "libc++";
				CLANG_ENABLE_MODULES = YES;
				CLANG_ENABLE_OBJC_ARC = YES;
				CLANG_WARN_BLOCK_CAPTURE_AUTORELEASING = YES;
				CLANG_WARN_BOOL_CONVERSION = YES;
				CLANG_WARN_COMMA = YES;
				CLANG_WARN_CONSTANT_CONVERSION = YES;
				CLANG_WARN_DEPRECATED_OBJC_IMPLEMENTATIONS = YES;
				CLANG_WARN_DIRECT_OBJC_ISA_USAGE = YES_ERROR;
				CLANG_WARN_DOCUMENTATION_COMMENTS = YES;
				CLANG_WARN_EMPTY_BODY = YES;
				CLANG_WARN_ENUM_CONVERSION = YES;
				CLANG_WARN_INFINITE_RECURSION = YES;
				CLANG_WARN_INT_CONVERSION = YES;
				CLANG_WARN_NON_LITERAL_NULL_CONVERSION = YES;
				CLANG_WARN_OBJC_IMPLICIT_RETAIN_SELF = YES;
				CLANG_WARN_OBJC_LITERAL_CONVERSION = YES;
				CLANG_WARN_OBJC_ROOT_CLASS = YES_ERROR;
				CLANG_WARN_RANGE_LOOP_ANALYSIS = YES;
				CLANG_WARN_STRICT_PROTOTYPES = YES;
				CLANG_WARN_SUSPICIOUS_MOVE = YES;
				CLANG_WARN_UNGUARDED_AVAILABILITY = YES_AGGRESSIVE;
				CLANG_WARN_UNREACHABLE_CODE = YES;
				CLANG_WARN__DUPLICATE_METHOD_MATCH = YES;
				CODE_SIGN_IDENTITY = "iPhone Developer";
				COPY_PHASE_STRIP = NO;
				DEBUG_INFORMATION_FORMAT = "dwarf-with-dsym";
				ENABLE_NS_ASSERTIONS = NO;
				ENABLE_STRICT_OBJC_MSGSEND = YES;
				GCC_C_LANGUAGE_STANDARD = gnu11;
				GCC_NO_COMMON_BLOCKS = YES;
				GCC_WARN_64_TO_32_BIT_CONVERSION = YES;
				GCC_WARN_ABOUT_RETURN_TYPE = YES_ERROR;
				GCC_WARN_UNDECLARED_SELECTOR = YES;
				GCC_WARN_UNINITIALIZED_AUTOS = YES_AGGRESSIVE;
				GCC_WARN_UNUSED_FUNCTION = YES;
				GCC_WARN_UNUSED_VARIABLE = YES;
				IPHONEOS_DEPLOYMENT_TARGET = 11.2;
				MTL_ENABLE_DEBUG_INFO = NO;
				SDKROOT = iphoneos;
				SWIFT_OPTIMIZATION_LEVEL = "-Owholemodule";
				VALIDATE_PRODUCT = YES;
			};
			name = Release;
		};
		940FFE7D2171E79900594417 /* Debug */ = {
			isa = XCBuildConfiguration;
			buildSettings = {
				ALWAYS_EMBED_SWIFT_STANDARD_LIBRARIES = YES;
				ASSETCATALOG_COMPILER_APPICON_NAME = AppIcon;
				CODE_SIGN_STYLE = Automatic;
				DEVELOPMENT_TEAM = D2UYX7T5J3;
				INFOPLIST_FILE = "Picky Micky/Info.plist";
				LD_RUNPATH_SEARCH_PATHS = "$(inherited) @executable_path/Frameworks";
				PRODUCT_BUNDLE_IDENTIFIER = "Hajjar.Picky-Micky";
				PRODUCT_NAME = "$(TARGET_NAME)";
				SWIFT_VERSION = 4.2;
				TARGETED_DEVICE_FAMILY = "1,2";
			};
			name = Debug;
		};
		940FFE7E2171E79900594417 /* Release */ = {
			isa = XCBuildConfiguration;
			buildSettings = {
				ALWAYS_EMBED_SWIFT_STANDARD_LIBRARIES = YES;
				ASSETCATALOG_COMPILER_APPICON_NAME = AppIcon;
				CODE_SIGN_STYLE = Automatic;
				DEVELOPMENT_TEAM = D2UYX7T5J3;
				INFOPLIST_FILE = "Picky Micky/Info.plist";
				LD_RUNPATH_SEARCH_PATHS = "$(inherited) @executable_path/Frameworks";
				PRODUCT_BUNDLE_IDENTIFIER = "Hajjar.Picky-Micky";
				PRODUCT_NAME = "$(TARGET_NAME)";
				SWIFT_VERSION = 4.2;
				TARGETED_DEVICE_FAMILY = "1,2";
			};
			name = Release;
		};
/* End XCBuildConfiguration section */

/* Begin XCConfigurationList section */
		940FFE4F2171E79800594417 /* Build configuration list for PBXProject "Picky Micky" */ = {
			isa = XCConfigurationList;
			buildConfigurations = (
				940FFE7A2171E79900594417 /* Debug */,
				940FFE7B2171E79900594417 /* Release */,
			);
			defaultConfigurationIsVisible = 0;
			defaultConfigurationName = Release;
		};
		940FFE7C2171E79900594417 /* Build configuration list for PBXNativeTarget "Picky Micky" */ = {
			isa = XCConfigurationList;
			buildConfigurations = (
				940FFE7D2171E79900594417 /* Debug */,
				940FFE7E2171E79900594417 /* Release */,
			);
			defaultConfigurationIsVisible = 0;
			defaultConfigurationName = Release;
		};
/* End XCConfigurationList section */
	};
	rootObject = 940FFE4C2171E79800594417 /* Project object */;
}
